// !$*UTF8*$!
{
	archiveVersion = 1;
	classes = {
	};
	objectVersion = 50;
	objects = {

/* Begin PBXBuildFile section */
		042672A2252C95AE00B6DD75 /* AppDelegate.swift in Sources */ = {isa = PBXBuildFile; fileRef = 042672A1252C95AE00B6DD75 /* AppDelegate.swift */; };
		042672A4252C95AE00B6DD75 /* SceneDelegate.swift in Sources */ = {isa = PBXBuildFile; fileRef = 042672A3252C95AE00B6DD75 /* SceneDelegate.swift */; };
		042672A6252C95AE00B6DD75 /* ViewController.swift in Sources */ = {isa = PBXBuildFile; fileRef = 042672A5252C95AE00B6DD75 /* ViewController.swift */; };
		042672A9252C95AE00B6DD75 /* Main.storyboard in Resources */ = {isa = PBXBuildFile; fileRef = 042672A7252C95AE00B6DD75 /* Main.storyboard */; };
		042672AB252C95AF00B6DD75 /* Assets.xcassets in Resources */ = {isa = PBXBuildFile; fileRef = 042672AA252C95AF00B6DD75 /* Assets.xcassets */; };
		042672AE252C95AF00B6DD75 /* LaunchScreen.storyboard in Resources */ = {isa = PBXBuildFile; fileRef = 042672AC252C95AF00B6DD75 /* LaunchScreen.storyboard */; };
/* End PBXBuildFile section */

/* Begin PBXFileReference section */
		0426729E252C95AE00B6DD75 /* MapViewAndLocation.app */ = {isa = PBXFileReference; explicitFileType = wrapper.application; includeInIndex = 0; path = MapViewAndLocation.app; sourceTree = BUILT_PRODUCTS_DIR; };
		042672A1252C95AE00B6DD75 /* AppDelegate.swift */ = {isa = PBXFileReference; lastKnownFileType = sourcecode.swift; path = AppDelegate.swift; sourceTree = "<group>"; };
		042672A3252C95AE00B6DD75 /* SceneDelegate.swift */ = {isa = PBXFileReference; lastKnownFileType = sourcecode.swift; path = SceneDelegate.swift; sourceTree = "<group>"; };
		042672A5252C95AE00B6DD75 /* ViewController.swift */ = {isa = PBXFileReference; lastKnownFileType = sourcecode.swift; path = ViewController.swift; sourceTree = "<group>"; };
		042672A8252C95AE00B6DD75 /* Base */ = {isa = PBXFileReference; lastKnownFileType = file.storyboard; name = Base; path = Base.lproj/Main.storyboard; sourceTree = "<group>"; };
		042672AA252C95AF00B6DD75 /* Assets.xcassets */ = {isa = PBXFileReference; lastKnownFileType = folder.assetcatalog; path = Assets.xcassets; sourceTree = "<group>"; };
		042672AD252C95AF00B6DD75 /* Base */ = {isa = PBXFileReference; lastKnownFileType = file.storyboard; name = Base; path = Base.lproj/LaunchScreen.storyboard; sourceTree = "<group>"; };
		042672AF252C95AF00B6DD75 /* Info.plist */ = {isa = PBXFileReference; lastKnownFileType = text.plist.xml; path = Info.plist; sourceTree = "<group>"; };
/* End PBXFileReference section */

/* Begin PBXFrameworksBuildPhase section */
		0426729B252C95AE00B6DD75 /* Frameworks */ = {
			isa = PBXFrameworksBuildPhase;
			buildActionMask = 2147483647;
			files = (
			);
			runOnlyForDeploymentPostprocessing = 0;
		};
/* End PBXFrameworksBuildPhase section */

/* Begin PBXGroup section */
		04267295252C95AE00B6DD75 = {
			isa = PBXGroup;
			children = (
				042672A0252C95AE00B6DD75 /* MapViewAndLocation */,
				0426729F252C95AE00B6DD75 /* Products */,
			);
			sourceTree = "<group>";
		};
		0426729F252C95AE00B6DD75 /* Products */ = {
			isa = PBXGroup;
			children = (
				0426729E252C95AE00B6DD75 /* MapViewAndLocation.app */,
			);
			name = Products;
			sourceTree = "<group>";
		};
		042672A0252C95AE00B6DD75 /* MapViewAndLocation */ = {
			isa = PBXGroup;
			children = (
				042672A1252C95AE00B6DD75 /* AppDelegate.swift */,
				042672A3252C95AE00B6DD75 /* SceneDelegate.swift */,
				042672A5252C95AE00B6DD75 /* ViewController.swift */,
				042672A7252C95AE00B6DD75 /* Main.storyboard */,
				042672AA252C95AF00B6DD75 /* Assets.xcassets */,
				042672AC252C95AF00B6DD75 /* LaunchScreen.storyboard */,
				042672AF252C95AF00B6DD75 /* Info.plist */,
			);
			path = MapViewAndLocation;
			sourceTree = "<group>";
		};
/* End PBXGroup section */

/* Begin PBXNativeTarget section */
		0426729D252C95AE00B6DD75 /* MapViewAndLocation */ = {
			isa = PBXNativeTarget;
			buildConfigurationList = 042672B2252C95AF00B6DD75 /* Build configuration list for PBXNativeTarget "MapViewAndLocation" */;
			buildPhases = (
				0426729A252C95AE00B6DD75 /* Sources */,
				0426729B252C95AE00B6DD75 /* Frameworks */,
				0426729C252C95AE00B6DD75 /* Resources */,
			);
			buildRules = (
			);
			dependencies = (
			);
			name = MapViewAndLocation;
			productName = MapViewAndLocation;
			productReference = 0426729E252C95AE00B6DD75 /* MapViewAndLocation.app */;
			productType = "com.apple.product-type.application";
		};
/* End PBXNativeTarget section */

/* Begin PBXProject section */
		04267296252C95AE00B6DD75 /* Project object */ = {
			isa = PBXProject;
			attributes = {
				LastSwiftUpdateCheck = 1150;
				LastUpgradeCheck = 1150;
				ORGANIZATIONNAME = peter;
				TargetAttributes = {
					0426729D252C95AE00B6DD75 = {
						CreatedOnToolsVersion = 11.5;
					};
				};
			};
			buildConfigurationList = 04267299252C95AE00B6DD75 /* Build configuration list for PBXProject "MapViewAndLocation" */;
			compatibilityVersion = "Xcode 9.3";
			developmentRegion = en;
			hasScannedForEncodings = 0;
			knownRegions = (
				en,
				Base,
			);
			mainGroup = 04267295252C95AE00B6DD75;
			productRefGroup = 0426729F252C95AE00B6DD75 /* Products */;
			projectDirPath = "";
			projectRoot = "";
			targets = (
				0426729D252C95AE00B6DD75 /* MapViewAndLocation */,
			);
		};
/* End PBXProject section */

/* Begin PBXResourcesBuildPhase section */
		0426729C252C95AE00B6DD75 /* Resources */ = {
			isa = PBXResourcesBuildPhase;
			buildActionMask = 2147483647;
			files = (
				042672AE252C95AF00B6DD75 /* LaunchScreen.storyboard in Resources */,
				042672AB252C95AF00B6DD75 /* Assets.xcassets in Resources */,
				042672A9252C95AE00B6DD75 /* Main.storyboard in Resources */,
			);
			runOnlyForDeploymentPostprocessing = 0;
		};
/* End PBXResourcesBuildPhase section */

/* Begin PBXSourcesBuildPhase section */
		0426729A252C95AE00B6DD75 /* Sources */ = {
			isa = PBXSourcesBuildPhase;
			buildActionMask = 2147483647;
			files = (
				042672A6252C95AE00B6DD75 /* ViewController.swift in Sources */,
				042672A2252C95AE00B6DD75 /* AppDelegate.swift in Sources */,
				042672A4252C95AE00B6DD75 /* SceneDelegate.swift in Sources */,
			);
			runOnlyForDeploymentPostprocessing = 0;
		};
/* End PBXSourcesBuildPhase section */

/* Begin PBXVariantGroup section */
		042672A7252C95AE00B6DD75 /* Main.storyboard */ = {
			isa = PBXVariantGroup;
			children = (
				042672A8252C95AE00B6DD75 /* Base */,
			);
			name = Main.storyboard;
			sourceTree = "<group>";
		};
		042672AC252C95AF00B6DD75 /* LaunchScreen.storyboard */ = {
			isa = PBXVariantGroup;
			children = (
				042672AD252C95AF00B6DD75 /* Base */,
			);
			name = LaunchScreen.storyboard;
			sourceTree = "<group>";
		};
/* End PBXVariantGroup section */

/* Begin XCBuildConfiguration section */
		042672B0252C95AF00B6DD75 /* Debug */ = {
			isa = XCBuildConfiguration;
			buildSettings = {
				ALWAYS_SEARCH_USER_PATHS = NO;
				CLANG_ANALYZER_NONNULL = YES;
				CLANG_ANALYZER_NUMBER_OBJECT_CONVERSION = YES_AGGRESSIVE;
				CLANG_CXX_LANGUAGE_STANDARD = "gnu++14";
				CLANG_CXX_LIBRARY = "libc++";
				CLANG_ENABLE_MODULES = YES;
				CLANG_ENABLE_OBJC_ARC = YES;
				CLANG_ENABLE_OBJC_WEAK = YES;
				CLANG_WARN_BLOCK_CAPTURE_AUTORELEASING = YES;
				CLANG_WARN_BOOL_CONVERSION = YES;
				CLANG_WARN_COMMA = YES;
				CLANG_WARN_CONSTANT_CONVERSION = YES;
				CLANG_WARN_DEPRECATED_OBJC_IMPLEMENTATIONS = YES;
				CLANG_WARN_DIRECT_OBJC_ISA_USAGE = YES_ERROR;
				CLANG_WARN_DOCUMENTATION_COMMENTS = YES;
				CLANG_WARN_EMPTY_BODY = YES;
				CLANG_WARN_ENUM_CONVERSION = YES;
				CLANG_WARN_INFINITE_RECURSION = YES;
				CLANG_WARN_INT_CONVERSION = YES;
				CLANG_WARN_NON_LITERAL_NULL_CONVERSION = YES;
				CLANG_WARN_OBJC_IMPLICIT_RETAIN_SELF = YES;
				CLANG_WARN_OBJC_LITERAL_CONVERSION = YES;
				CLANG_WARN_OBJC_ROOT_CLASS = YES_ERROR;
				CLANG_WARN_RANGE_LOOP_ANALYSIS = YES;
				CLANG_WARN_STRICT_PROTOTYPES = YES;
				CLANG_WARN_SUSPICIOUS_MOVE = YES;
				CLANG_WARN_UNGUARDED_AVAILABILITY = YES_AGGRESSIVE;
				CLANG_WARN_UNREACHABLE_CODE = YES;
				CLANG_WARN__DUPLICATE_METHOD_MATCH = YES;
				COPY_PHASE_STRIP = NO;
				DEBUG_INFORMATION_FORMAT = dwarf;
				ENABLE_STRICT_OBJC_MSGSEND = YES;
				ENABLE_TESTABILITY = YES;
				GCC_C_LANGUAGE_STANDARD = gnu11;
				GCC_DYNAMIC_NO_PIC = NO;
				GCC_NO_COMMON_BLOCKS = YES;
				GCC_OPTIMIZATION_LEVEL = 0;
				GCC_PREPROCESSOR_DEFINITIONS = (
					"DEBUG=1",
					"$(inherited)",
				);
				GCC_WARN_64_TO_32_BIT_CONVERSION = YES;
				GCC_WARN_ABOUT_RETURN_TYPE = YES_ERROR;
				GCC_WARN_UNDECLARED_SELECTOR = YES;
				GCC_WARN_UNINITIALIZED_AUTOS = YES_AGGRESSIVE;
				GCC_WARN_UNUSED_FUNCTION = YES;
				GCC_WARN_UNUSED_VARIABLE = YES;
				IPHONEOS_DEPLOYMENT_TARGET = 13.5;
				MTL_ENABLE_DEBUG_INFO = INCLUDE_SOURCE;
				MTL_FAST_MATH = YES;
				ONLY_ACTIVE_ARCH = YES;
				SDKROOT = iphoneos;
				SWIFT_ACTIVE_COMPILATION_CONDITIONS = DEBUG;
				SWIFT_OPTIMIZATION_LEVEL = "-Onone";
			};
			name = Debug;
		};
		042672B1252C95AF00B6DD75 /* Release */ = {
			isa = XCBuildConfiguration;
			buildSettings = {
				ALWAYS_SEARCH_USER_PATHS = NO;
				CLANG_ANALYZER_NONNULL = YES;
				CLANG_ANALYZER_NUMBER_OBJECT_CONVERSION = YES_AGGRESSIVE;
				CLANG_CXX_LANGUAGE_STANDARD = "gnu++14";
				CLANG_CXX_LIBRARY = "libc++";
				CLANG_ENABLE_MODULES = YES;
				CLANG_ENABLE_OBJC_ARC = YES;
				CLANG_ENABLE_OBJC_WEAK = YES;
				CLANG_WARN_BLOCK_CAPTURE_AUTORELEASING = YES;
				CLANG_WARN_BOOL_CONVERSION = YES;
				CLANG_WARN_COMMA = YES;
				CLANG_WARN_CONSTANT_CONVERSION = YES;
				CLANG_WARN_DEPRECATED_OBJC_IMPLEMENTATIONS = YES;
				CLANG_WARN_DIRECT_OBJC_ISA_USAGE = YES_ERROR;
				CLANG_WARN_DOCUMENTATION_COMMENTS = YES;
				CLANG_WARN_EMPTY_BODY = YES;
				CLANG_WARN_ENUM_CONVERSION = YES;
				CLANG_WARN_INFINITE_RECURSION = YES;
				CLANG_WARN_INT_CONVERSION = YES;
				CLANG_WARN_NON_LITERAL_NULL_CONVERSION = YES;
				CLANG_WARN_OBJC_IMPLICIT_RETAIN_SELF = YES;
				CLANG_WARN_OBJC_LITERAL_CONVERSION = YES;
				CLANG_WARN_OBJC_ROOT_CLASS = YES_ERROR;
				CLANG_WARN_RANGE_LOOP_ANALYSIS = YES;
				CLANG_WARN_STRICT_PROTOTYPES = YES;
				CLANG_WARN_SUSPICIOUS_MOVE = YES;
				CLANG_WARN_UNGUARDED_AVAILABILITY = YES_AGGRESSIVE;
				CLANG_WARN_UNREACHABLE_CODE = YES;
				CLANG_WARN__DUPLICATE_METHOD_MATCH = YES;
				COPY_PHASE_STRIP = NO;
				DEBUG_INFORMATION_FORMAT = "dwarf-with-dsym";
				ENABLE_NS_ASSERTIONS = NO;
				ENABLE_STRICT_OBJC_MSGSEND = YES;
				GCC_C_LANGUAGE_STANDARD = gnu11;
				GCC_NO_COMMON_BLOCKS = YES;
				GCC_WARN_64_TO_32_BIT_CONVERSION = YES;
				GCC_WARN_ABOUT_RETURN_TYPE = YES_ERROR;
				GCC_WARN_UNDECLARED_SELECTOR = YES;
				GCC_WARN_UNINITIALIZED_AUTOS = YES_AGGRESSIVE;
				GCC_WARN_UNUSED_FUNCTION = YES;
				GCC_WARN_UNUSED_VARIABLE = YES;
				IPHONEOS_DEPLOYMENT_TARGET = 13.5;
				MTL_ENABLE_DEBUG_INFO = NO;
				MTL_FAST_MATH = YES;
				SDKROOT = iphoneos;
				SWIFT_COMPILATION_MODE = wholemodule;
				SWIFT_OPTIMIZATION_LEVEL = "-O";
				VALIDATE_PRODUCT = YES;
			};
			name = Release;
		};
		042672B3252C95AF00B6DD75 /* Debug */ = {
			isa = XCBuildConfiguration;
			buildSettings = {
				ASSETCATALOG_COMPILER_APPICON_NAME = AppIcon;
				CODE_SIGN_STYLE = Automatic;
				DEVELOPMENT_TEAM = 7JAWFB32KS;
				INFOPLIST_FILE = MapViewAndLocation/Info.plist;
				LD_RUNPATH_SEARCH_PATHS = (
					"$(inherited)",
					"@executable_path/Frameworks",
				);
				PRODUCT_BUNDLE_IDENTIFIER = com.petersoft.MapViewAndLocation;
				PRODUCT_NAME = "$(TARGET_NAME)";
				SWIFT_VERSION = 5.0;
				TARGETED_DEVICE_FAMILY = "1,2";
			};
			name = Debug;
		};
		042672B4252C95AF00B6DD75 /* Release */ = {
			isa = XCBuildConfiguration;
			buildSettings = {
				ASSETCATALOG_COMPILER_APPICON_NAME = AppIcon;
				CODE_SIGN_STYLE = Automatic;
				DEVELOPMENT_TEAM = 7JAWFB32KS;
				INFOPLIST_FILE = MapViewAndLocation/Info.plist;
				LD_RUNPATH_SEARCH_PATHS = (
					"$(inherited)",
					"@executable_path/Frameworks",
				);
				PRODUCT_BUNDLE_IDENTIFIER = com.petersoft.MapViewAndLocation;
				PRODUCT_NAME = "$(TARGET_NAME)";
				SWIFT_VERSION = 5.0;
				TARGETED_DEVICE_FAMILY = "1,2";
			};
			name = Release;
		};
/* End XCBuildConfiguration section */

/* Begin XCConfigurationList section */
		04267299252C95AE00B6DD75 /* Build configuration list for PBXProject "MapViewAndLocation" */ = {
			isa = XCConfigurationList;
			buildConfigurations = (
				042672B0252C95AF00B6DD75 /* Debug */,
				042672B1252C95AF00B6DD75 /* Release */,
			);
			defaultConfigurationIsVisible = 0;
			defaultConfigurationName = Release;
		};
		042672B2252C95AF00B6DD75 /* Build configuration list for PBXNativeTarget "MapViewAndLocation" */ = {
			isa = XCConfigurationList;
			buildConfigurations = (
				042672B3252C95AF00B6DD75 /* Debug */,
				042672B4252C95AF00B6DD75 /* Release */,
			);
			defaultConfigurationIsVisible = 0;
			defaultConfigurationName = Release;
		};
/* End XCConfigurationList section */
	};
	rootObject = 04267296252C95AE00B6DD75 /* Project object */;
}
